# This file is generated by running "yarn install" inside your project.
# Manual changes might be lost - proceed with caution!

__metadata:
  version: 6
  cacheKey: 8

"@babel/runtime@npm:^7.12.1":
  version: 7.12.1
  resolution: "@babel/runtime@npm:7.12.1"
  dependencies:
    regenerator-runtime: ^0.13.4
  checksum: fb4b4c8f704a338d3500ff75bfd28a35927444e0c48254d60ce87a9402d7e149e2189e5f55fa3bd2927d4c10fa25fe34c239ae0be68df77af040b01561c5bcc8
  languageName: node
  linkType: hard

"@babel/runtime@npm:^7.4.2, @babel/runtime@npm:^7.5.5, @babel/runtime@npm:^7.6.3":
  version: 7.10.3
  resolution: "@babel/runtime@npm:7.10.3"
  dependencies:
    regenerator-runtime: ^0.13.4
  checksum: 784ed8407567df1804e70af0bbc490d83bc10cd02a375eb042b61d2904f4ef350513f209ecf5a06ae2543df51ab0b2ed48f0045ca4950a1c98b3638e7951bd59
  languageName: node
  linkType: hard

"@babel/runtime@npm:^7.8.7":
  version: 7.9.0
  resolution: "@babel/runtime@npm:7.9.0"
  dependencies:
    regenerator-runtime: ^0.13.4
  checksum: dc9b50c1893460e71d93c299e659b61b41a37780e78c1e1404b360ca275d44b79107c0d986d74ac8163757f02384cda94d8315bded40deafe72ca07f7761a098
  languageName: node
  linkType: hard

"@next/env@npm:12.2.5":
  version: 12.2.5
  resolution: "@next/env@npm:12.2.5"
  checksum: a44939e59b46d5951831529a43dba9daa2e4e467e8680ea96e21ae127d1bf7f11757aaf3a6cff8a51273abfe7af782903e1304405a481361c7ba3e66d47e3238
  languageName: node
  linkType: hard

"@next/swc-android-arm-eabi@npm:12.2.5":
  version: 12.2.5
  resolution: "@next/swc-android-arm-eabi@npm:12.2.5"
  conditions: os=android & cpu=arm
  languageName: node
  linkType: hard

"@next/swc-android-arm64@npm:12.2.5":
  version: 12.2.5
  resolution: "@next/swc-android-arm64@npm:12.2.5"
  conditions: os=android & cpu=arm64
  languageName: node
  linkType: hard

"@next/swc-darwin-arm64@npm:12.2.5":
  version: 12.2.5
  resolution: "@next/swc-darwin-arm64@npm:12.2.5"
  conditions: os=darwin & cpu=arm64
  languageName: node
  linkType: hard

"@next/swc-darwin-x64@npm:12.2.5":
  version: 12.2.5
  resolution: "@next/swc-darwin-x64@npm:12.2.5"
  conditions: os=darwin & cpu=x64
  languageName: node
  linkType: hard

"@next/swc-freebsd-x64@npm:12.2.5":
  version: 12.2.5
  resolution: "@next/swc-freebsd-x64@npm:12.2.5"
  conditions: os=freebsd & cpu=x64
  languageName: node
  linkType: hard

"@next/swc-linux-arm-gnueabihf@npm:12.2.5":
  version: 12.2.5
  resolution: "@next/swc-linux-arm-gnueabihf@npm:12.2.5"
  conditions: os=linux & cpu=arm
  languageName: node
  linkType: hard

"@next/swc-linux-arm64-gnu@npm:12.2.5":
  version: 12.2.5
  resolution: "@next/swc-linux-arm64-gnu@npm:12.2.5"
  conditions: os=linux & cpu=arm64 & libc=glibc
  languageName: node
  linkType: hard

"@next/swc-linux-arm64-musl@npm:12.2.5":
  version: 12.2.5
  resolution: "@next/swc-linux-arm64-musl@npm:12.2.5"
  conditions: os=linux & cpu=arm64 & libc=musl
  languageName: node
  linkType: hard

"@next/swc-linux-x64-gnu@npm:12.2.5":
  version: 12.2.5
  resolution: "@next/swc-linux-x64-gnu@npm:12.2.5"
  conditions: os=linux & cpu=x64 & libc=glibc
  languageName: node
  linkType: hard

"@next/swc-linux-x64-musl@npm:12.2.5":
  version: 12.2.5
  resolution: "@next/swc-linux-x64-musl@npm:12.2.5"
  conditions: os=linux & cpu=x64 & libc=musl
  languageName: node
  linkType: hard

"@next/swc-win32-arm64-msvc@npm:12.2.5":
  version: 12.2.5
  resolution: "@next/swc-win32-arm64-msvc@npm:12.2.5"
  conditions: os=win32 & cpu=arm64
  languageName: node
  linkType: hard

"@next/swc-win32-ia32-msvc@npm:12.2.5":
  version: 12.2.5
  resolution: "@next/swc-win32-ia32-msvc@npm:12.2.5"
  conditions: os=win32 & cpu=ia32
  languageName: node
  linkType: hard

"@next/swc-win32-x64-msvc@npm:12.2.5":
  version: 12.2.5
  resolution: "@next/swc-win32-x64-msvc@npm:12.2.5"
  conditions: os=win32 & cpu=x64
  languageName: node
  linkType: hard

"@popperjs/core@npm:^2.5.3":
  version: 2.5.4
  resolution: "@popperjs/core@npm:2.5.4"
  checksum: 609d2d5a0ff4aa2810656783b22740cc5a859ccb0c2a1a2274c7073edae17701270d71c7688291a7ec0441706e458ec00d98912fdc81082f24e8853a295e60ac
  languageName: node
  linkType: hard

"@restart/context@npm:^2.1.4":
  version: 2.1.4
  resolution: "@restart/context@npm:2.1.4"
  peerDependencies:
    react: ">=16.3.2"
  checksum: 90a85fcccf6b4e642fd971ec72dcf740d40508930b9b4c6cc5fa2553cfea07abee94911626b8d30093188187d2b87e593e5618e479401a48f8a1937af29cb92e
  languageName: node
  linkType: hard

"@restart/hooks@npm:^0.3.21, @restart/hooks@npm:^0.3.25":
  version: 0.3.25
  resolution: "@restart/hooks@npm:0.3.25"
  dependencies:
    lodash: ^4.17.15
    lodash-es: ^4.17.15
  peerDependencies:
    react: ^16.8.0
  checksum: 39036f89c0e59e4b99f4cf57c47ea0fed289c615e86d77df0858f7694041e5942191fe84bea30a5fdebb5ec5cdd1998f5bc6b32c392d6064a3831544370a79f3
  languageName: node
  linkType: hard

"@swc/helpers@npm:0.4.3":
  version: 0.4.3
  resolution: "@swc/helpers@npm:0.4.3"
  dependencies:
    tslib: ^2.4.0
  checksum: 5c2f173e950dd3929d84ae48b3586a274d5a874e7cf2013b3d8081e4f8c723fa3a4d4e63b263e84bb7f06431f87b640e91a12655410463c81a3dc2bbc15eceda
  languageName: node
  linkType: hard

"@types/classnames@npm:^2.2.10":
  version: 2.2.11
  resolution: "@types/classnames@npm:2.2.11"
  checksum: 80f5798896565c8b6525e401f425593a4c7771eb06c4e52e1bbaf18f4e0a37f4fb998247e8a6a6e5abf8a9e2af2aa50d2abf5ad615c7e7a835bd083408a1dc4d
  languageName: node
  linkType: hard

"@types/history@npm:*":
  version: 4.7.6
  resolution: "@types/history@npm:4.7.6"
  checksum: fce1115680b3020ae8b450f080d83dde2cbace9a9ff6a6e5d758d90b3ddbbaa312d69ce54bfd30ec71c91d00c13b1396202c11a83ac9c2a3a030e37fb645a058
  languageName: node
  linkType: hard

"@types/invariant@npm:^2.2.33":
  version: 2.2.34
  resolution: "@types/invariant@npm:2.2.34"
  checksum: 2dedddf5dcf70b484220b29ee0eb76b31d1501c54e0bdd787415e37be817b0358bdd66a7dd9e959af80262f8374e02c427459db8a407061406b412fd24cb32e5
  languageName: node
  linkType: hard

"@types/node@npm:latest":
  version: 18.7.14
  resolution: "@types/node@npm:18.7.14"
  checksum: 99cf28ff854100158de875cca23c7acc3cc01dfee526a52b90b7f36767c821bcbaf2be0a98a70f06f3b78f3c60639168ff949d725b61e2e124f9f71f1fb8043d
  languageName: node
  linkType: hard

"@types/prop-types@npm:*, @types/prop-types@npm:^15.7.3":
  version: 15.7.3
  resolution: "@types/prop-types@npm:15.7.3"
  checksum: 41831d53c44c9eeafdaf9762bcb4553c13a3bbf990745ed9065a1cc3581b80633113b53fd49b202bf51731b258da5d0a9aa09c9035d5af7f78b0f6bc273f1325
  languageName: node
  linkType: hard

"@types/react-bootstrap@npm:^0.32.24":
  version: 0.32.24
  resolution: "@types/react-bootstrap@npm:0.32.24"
  dependencies:
    "@types/react": "*"
  checksum: 4a461da27ba506d3170e4abac07c7a1382c87c14c8046a58584ac32aaf862d6271fc2bb6d5f3a452e9722ebf425ca96ed23dc54a209a9d6a3f4b7420934e7a82
  languageName: node
  linkType: hard

"@types/react-dom@npm:latest":
  version: 18.0.6
  resolution: "@types/react-dom@npm:18.0.6"
  dependencies:
    "@types/react": "*"
  checksum: db571047af1a567631758700b9f7d143e566df939cfe5fbf7535347cc0c726a1cdbb5e3f8566d076e54cf708b6c1166689de194a9ba09ee35efc9e1d45911685
  languageName: node
  linkType: hard

"@types/react-router-dom@npm:^5.1.5":
  version: 5.1.5
  resolution: "@types/react-router-dom@npm:5.1.5"
  dependencies:
    "@types/history": "*"
    "@types/react": "*"
    "@types/react-router": "*"
  checksum: 995316331c0fb270c4ad8f20e5c76cfeb219ab8a35cd3d6d392ec7da8bf82092e5234dc6d70a2f8bfc9cd37c1b4c4aee3398f2950b52e04c2cb37c8e61facb8b
  languageName: node
  linkType: hard

"@types/react-router@npm:*":
  version: 5.1.8
  resolution: "@types/react-router@npm:5.1.8"
  dependencies:
    "@types/history": "*"
    "@types/react": "*"
  checksum: 9204d43701ae96a61a97b869fa8d6ec6ff65ede7f7f729e0b9b8e8c31eeb27c12ac0584a78acf697bf7038b534cbdff9adc35869caab80bebca00ceb0ab09ce1
  languageName: node
  linkType: hard

"@types/react-transition-group@npm:^4.4.0":
  version: 4.4.0
  resolution: "@types/react-transition-group@npm:4.4.0"
  dependencies:
    "@types/react": "*"
  checksum: ba44361d7b055922b60a557389a68d5320a190785cd80173839ef8c096aeb0808bd9c35fc9a70badbfe959dc668fdb1b82211e4914140a5edc9ed87d760c9812
  languageName: node
  linkType: hard

"@types/react@npm:*, @types/react@npm:^16.9.11":
  version: 16.9.41
  resolution: "@types/react@npm:16.9.41"
  dependencies:
    "@types/prop-types": "*"
    csstype: ^2.2.0
  checksum: 45acf38791fe4020634dea1b085508f8af016a9a88561d3aaba5c1df8afd3c49636cccd4a628f3080f9ba3cd0e8e6c3416f56baaaabe2c86c765343a2cab16de
  languageName: node
  linkType: hard

"@types/react@npm:^16.9.35":
  version: 16.9.55
  resolution: "@types/react@npm:16.9.55"
  dependencies:
    "@types/prop-types": "*"
    csstype: ^3.0.2
  checksum: fe0fa5b9783fc00580a82b417b4a1d4916f634290a43388c6ba3ac77b18b31046e81602f474fc878a717d406604dbe73a9d6b804ccefcff7cf46a70f0ac2d06a
  languageName: node
  linkType: hard

"@types/react@npm:latest":
  version: 18.0.18
  resolution: "@types/react@npm:18.0.18"
  dependencies:
    "@types/prop-types": "*"
    "@types/scheduler": "*"
    csstype: ^3.0.2
  checksum: 6d72d35ab3eecf382a5e0f225923f5a2c753045fce02e4e29713f36c99a24f0f770666a49dde96167f37c86271f93339d1b7e2b8969d011b137a9ebd24ee6806
  languageName: node
  linkType: hard

"@types/scheduler@npm:*":
  version: 0.16.2
  resolution: "@types/scheduler@npm:0.16.2"
  checksum: b6b4dcfeae6deba2e06a70941860fb1435730576d3689225a421280b7742318d1548b3d22c1f66ab68e414f346a9542f29240bc955b6332c5b11e561077583bc
  languageName: node
  linkType: hard

"@types/warning@npm:^3.0.0":
  version: 3.0.0
  resolution: "@types/warning@npm:3.0.0"
  checksum: 120dcf90600d583c68a60872200061eab9318ae15ea898581f8e9a6dc71b7941095dd81d8324e36d2a6006e5e12b6fc1cf8eda00cc514ee12bb39a912cc4e040
  languageName: node
  linkType: hard

"bootstrap@npm:^4.5.0":
  version: 4.5.0
  resolution: "bootstrap@npm:4.5.0"
  peerDependencies:
    jquery: 1.9.1 - 3
    popper.js: ^1.16.0
  checksum: 55ed3bd05543a66fa016526860cb677586257d9f3c8059326c491aa4bfaef124468298078e18d3de7e6936d795310c8e9ec47b4fa9ae873e47f488331363d2fa
  languageName: node
  linkType: hard

"caniuse-lite@npm:^1.0.30001332":
  version: 1.0.30001388
  resolution: "caniuse-lite@npm:1.0.30001388"
  checksum: 4934f99bf99521484d4048023f57046812fbc9218924dbe30bb8379cd7b0315d9489b7de4d226a9921b0a9fd5d05b12023930ad6b4104854fb03dcbf999784db
  languageName: node
  linkType: hard

"classnames@npm:^2.2.6":
  version: 2.2.6
  resolution: "classnames@npm:2.2.6"
  checksum: 09a4fda780158aa8399079898eabeeca0c48c28641d9e4de140db7412e5e346843039ded1af0152f755afc2cc246ff8c3d6f227bf0dcb004e070b7fa14ec54cc
  languageName: node
  linkType: hard

"csstype@npm:^2.2.0, csstype@npm:^2.6.7":
  version: 2.6.10
  resolution: "csstype@npm:2.6.10"
  checksum: c2803b8f0b1c6fe935101435e72360afebf4f77044dea22af2e9574c61a51f2ba58c3c211d61b72013964a0ac1a84533e70dc62e6ef4934d391c0a6ca32311eb
  languageName: node
  linkType: hard

"csstype@npm:^3.0.2":
  version: 3.0.4
  resolution: "csstype@npm:3.0.4"
  checksum: ad3f54b3c6fc8c8c173786af81229d6c3170f8f57fd2ad801067fe388a26f60935edc488a4cbecd2f2bd5ff88581cb8cd9a393837a2de1c865f0d81f73f3b85a
  languageName: node
  linkType: hard

"dom-helpers@npm:^5.0.1, dom-helpers@npm:^5.1.2":
  version: 5.1.4
  resolution: "dom-helpers@npm:5.1.4"
  dependencies:
    "@babel/runtime": ^7.8.7
    csstype: ^2.6.7
  checksum: e516325d662f57db7724e6fe26ae5b36b6974f74ae2513998f408bf056670c05ed010bb3be866ac454110249a9e88aaa6451e63e4efa87f834041ef8303ace68
  languageName: node
  linkType: hard

"dom-helpers@npm:^5.2.0":
  version: 5.2.0
  resolution: "dom-helpers@npm:5.2.0"
  dependencies:
    "@babel/runtime": ^7.8.7
    csstype: ^3.0.2
  checksum: bea3e7217c2adac5f89285b7786dbcc3a356226f6ff12934c9626689829b00e7fa7630a8f77973028d039db1aba6b882b1494854aa910422d1644486136b1e55
  languageName: node
  linkType: hard

"invariant@npm:^2.2.4":
  version: 2.2.4
  resolution: "invariant@npm:2.2.4"
  dependencies:
    loose-envify: ^1.0.0
  checksum: cc3182d793aad82a8d1f0af697b462939cb46066ec48bbf1707c150ad5fad6406137e91a262022c269702e01621f35ef60269f6c0d7fd178487959809acdfb14
  languageName: node
  linkType: hard

"js-tokens@npm:^3.0.0 || ^4.0.0":
  version: 4.0.0
  resolution: "js-tokens@npm:4.0.0"
  checksum: 8a95213a5a77deb6cbe94d86340e8d9ace2b93bc367790b260101d2f36a2eaf4e4e22d9fa9cf459b38af3a32fb4190e638024cf82ec95ef708680e405ea7cc78
  languageName: node
  linkType: hard

"lodash-es@npm:^4.17.15":
  version: 4.17.21
  resolution: "lodash-es@npm:4.17.21"
  checksum: 05cbffad6e2adbb331a4e16fbd826e7faee403a1a04873b82b42c0f22090f280839f85b95393f487c1303c8a3d2a010048bf06151a6cbe03eee4d388fb0a12d2
  languageName: node
  linkType: hard

"lodash@npm:^4.17.15":
  version: 4.17.21
  resolution: "lodash@npm:4.17.21"
  checksum: eb835a2e51d381e561e508ce932ea50a8e5a68f4ebdd771ea240d3048244a8d13658acbd502cd4829768c56f2e16bdd4340b9ea141297d472517b83868e677f7
  languageName: node
  linkType: hard

"loose-envify@npm:^1.0.0, loose-envify@npm:^1.1.0, loose-envify@npm:^1.4.0":
  version: 1.4.0
  resolution: "loose-envify@npm:1.4.0"
  dependencies:
    js-tokens: ^3.0.0 || ^4.0.0
  bin:
    loose-envify: cli.js
  checksum: 6517e24e0cad87ec9888f500c5b5947032cdfe6ef65e1c1936a0c48a524b81e65542c9c3edc91c97d5bddc806ee2a985dbc79be89215d613b1de5db6d1cfe6f4
  languageName: node
  linkType: hard

"nanoid@npm:^3.3.4":
  version: 3.3.4
  resolution: "nanoid@npm:3.3.4"
  bin:
    nanoid: bin/nanoid.cjs
  checksum: 2fddd6dee994b7676f008d3ffa4ab16035a754f4bb586c61df5a22cf8c8c94017aadd360368f47d653829e0569a92b129979152ff97af23a558331e47e37cd9c
  languageName: node
  linkType: hard

"next@npm:latest":
  version: 12.2.5
  resolution: "next@npm:12.2.5"
  dependencies:
    "@next/env": 12.2.5
    "@next/swc-android-arm-eabi": 12.2.5
    "@next/swc-android-arm64": 12.2.5
    "@next/swc-darwin-arm64": 12.2.5
    "@next/swc-darwin-x64": 12.2.5
    "@next/swc-freebsd-x64": 12.2.5
    "@next/swc-linux-arm-gnueabihf": 12.2.5
    "@next/swc-linux-arm64-gnu": 12.2.5
    "@next/swc-linux-arm64-musl": 12.2.5
    "@next/swc-linux-x64-gnu": 12.2.5
    "@next/swc-linux-x64-musl": 12.2.5
    "@next/swc-win32-arm64-msvc": 12.2.5
    "@next/swc-win32-ia32-msvc": 12.2.5
    "@next/swc-win32-x64-msvc": 12.2.5
    "@swc/helpers": 0.4.3
    caniuse-lite: ^1.0.30001332
    postcss: 8.4.14
    styled-jsx: 5.0.4
    use-sync-external-store: 1.2.0
  peerDependencies:
    fibers: ">= 3.1.0"
    node-sass: ^6.0.0 || ^7.0.0
    react: ^17.0.2 || ^18.0.0-0
    react-dom: ^17.0.2 || ^18.0.0-0
    sass: ^1.3.0
  dependenciesMeta:
    "@next/swc-android-arm-eabi":
      optional: true
    "@next/swc-android-arm64":
      optional: true
    "@next/swc-darwin-arm64":
      optional: true
    "@next/swc-darwin-x64":
      optional: true
    "@next/swc-freebsd-x64":
      optional: true
    "@next/swc-linux-arm-gnueabihf":
      optional: true
    "@next/swc-linux-arm64-gnu":
      optional: true
    "@next/swc-linux-arm64-musl":
      optional: true
    "@next/swc-linux-x64-gnu":
      optional: true
    "@next/swc-linux-x64-musl":
      optional: true
    "@next/swc-win32-arm64-msvc":
      optional: true
    "@next/swc-win32-ia32-msvc":
      optional: true
    "@next/swc-win32-x64-msvc":
      optional: true
  peerDependenciesMeta:
    fibers:
      optional: true
    node-sass:
      optional: true
    sass:
      optional: true
  bin:
    next: dist/bin/next
  checksum: e8fcbd93d74fda81640fd174a9d380f22db404d3ce0893730db3db806317ae18c86d1dbb502e63e47c92fb21a93812de62639c2f1204330cb569fdac4d3d0573
  languageName: node
  linkType: hard

"object-assign@npm:^4.1.1":
  version: 4.1.1
  resolution: "object-assign@npm:4.1.1"
  checksum: fcc6e4ea8c7fe48abfbb552578b1c53e0d194086e2e6bbbf59e0a536381a292f39943c6e9628af05b5528aa5e3318bb30d6b2e53cadaf5b8fe9e12c4b69af23f
  languageName: node
  linkType: hard

"personal-site@workspace:.":
  version: 0.0.0-use.local
  resolution: "personal-site@workspace:."
  dependencies:
    "@types/node": latest
    "@types/react": latest
    "@types/react-bootstrap": ^0.32.24
    "@types/react-dom": latest
    "@types/react-router-dom": ^5.1.5
    bootstrap: ^4.5.0
    next: latest
    react: latest
    react-bootstrap: ^1.4.0
    react-dom: latest
    typescript: latest
  languageName: unknown
  linkType: soft

"picocolors@npm:^1.0.0":
  version: 1.0.0
  resolution: "picocolors@npm:1.0.0"
  checksum: a2e8092dd86c8396bdba9f2b5481032848525b3dc295ce9b57896f931e63fc16f79805144321f72976383fc249584672a75cc18d6777c6b757603f372f745981
  languageName: node
  linkType: hard

"postcss@npm:8.4.14":
  version: 8.4.14
  resolution: "postcss@npm:8.4.14"
  dependencies:
    nanoid: ^3.3.4
    picocolors: ^1.0.0
    source-map-js: ^1.0.2
  checksum: fe58766ff32e4becf65a7d57678995cfd239df6deed2fe0557f038b47c94e4132e7e5f68b5aa820c13adfec32e523b693efaeb65798efb995ce49ccd83953816
  languageName: node
  linkType: hard

"prop-types-extra@npm:^1.1.0":
  version: 1.1.1
  resolution: "prop-types-extra@npm:1.1.1"
  dependencies:
    react-is: ^16.3.2
    warning: ^4.0.0
  peerDependencies:
    react: ">=0.14.0"
  checksum: ebf1c048687bb538457f91a3610abb36ca0f50587a6afae80443a9e65b9db96882d18c3511175a8967fad4ca5dcd804913bbc241d7b5160c74cf69aacdd054f0
  languageName: node
  linkType: hard

"prop-types@npm:^15.6.2, prop-types@npm:^15.7.2":
  version: 15.7.2
  resolution: "prop-types@npm:15.7.2"
  dependencies:
    loose-envify: ^1.4.0
    object-assign: ^4.1.1
    react-is: ^16.8.1
  checksum: 5eef82fdda64252c7e75aa5c8cc28a24bbdece0f540adb60ce67c205cf978a5bd56b83e4f269f91c6e4dcfd80b36f2a2dec24d362e278913db2086ca9c6f9430
  languageName: node
  linkType: hard

"react-bootstrap@npm:^1.4.0":
  version: 1.4.0
  resolution: "react-bootstrap@npm:1.4.0"
  dependencies:
    "@babel/runtime": ^7.4.2
    "@restart/context": ^2.1.4
    "@restart/hooks": ^0.3.21
    "@types/classnames": ^2.2.10
    "@types/invariant": ^2.2.33
    "@types/prop-types": ^15.7.3
    "@types/react": ^16.9.35
    "@types/react-transition-group": ^4.4.0
    "@types/warning": ^3.0.0
    classnames: ^2.2.6
    dom-helpers: ^5.1.2
    invariant: ^2.2.4
    prop-types: ^15.7.2
    prop-types-extra: ^1.1.0
    react-overlays: ^4.1.0
    react-transition-group: ^4.4.1
    uncontrollable: ^7.0.0
    warning: ^4.0.3
  peerDependencies:
    react: ">=16.8.0"
    react-dom: ">=16.8.0"
  checksum: 858b88f010bcf404cbb3d181c03525d179e41e290b09dc1d828a355c585ef3416b7ff62b783dd7b7d29e98f6992aeef00b488b4dbf905fea12670c7f9af329b2
  languageName: node
  linkType: hard

"react-dom@npm:latest":
  version: 18.2.0
  resolution: "react-dom@npm:18.2.0"
  dependencies:
    loose-envify: ^1.1.0
    scheduler: ^0.23.0
  peerDependencies:
    react: ^18.2.0
  checksum: 7d323310bea3a91be2965f9468d552f201b1c27891e45ddc2d6b8f717680c95a75ae0bc1e3f5cf41472446a2589a75aed4483aee8169287909fcd59ad149e8cc
  languageName: node
  linkType: hard

"react-is@npm:^16.3.2, react-is@npm:^16.8.1":
  version: 16.13.1
  resolution: "react-is@npm:16.13.1"
  checksum: f7a19ac3496de32ca9ae12aa030f00f14a3d45374f1ceca0af707c831b2a6098ef0d6bdae51bd437b0a306d7f01d4677fcc8de7c0d331eb47ad0f46130e53c5f
  languageName: node
  linkType: hard

"react-lifecycles-compat@npm:^3.0.4":
  version: 3.0.4
  resolution: "react-lifecycles-compat@npm:3.0.4"
  checksum: a904b0fc0a8eeb15a148c9feb7bc17cec7ef96e71188280061fc340043fd6d8ee3ff233381f0e8f95c1cf926210b2c4a31f38182c8f35ac55057e453d6df204f
  languageName: node
  linkType: hard

"react-overlays@npm:^4.1.0":
  version: 4.1.1
  resolution: "react-overlays@npm:4.1.1"
  dependencies:
    "@babel/runtime": ^7.12.1
    "@popperjs/core": ^2.5.3
    "@restart/hooks": ^0.3.25
    "@types/warning": ^3.0.0
    dom-helpers: ^5.2.0
    prop-types: ^15.7.2
    uncontrollable: ^7.0.0
    warning: ^4.0.3
  peerDependencies:
    react: ">=16.3.0"
    react-dom: ">=16.3.0"
  checksum: f0dc65f0d40c5958253f98d443d03cda02427d18db4010bd9589b1c0d20ef479eb55d34bc31842f0f50d3072a1e0b0d5ce209f09a5599623bc42e1dd211aeb83
  languageName: node
  linkType: hard

"react-transition-group@npm:^4.4.1":
  version: 4.4.1
  resolution: "react-transition-group@npm:4.4.1"
  dependencies:
    "@babel/runtime": ^7.5.5
    dom-helpers: ^5.0.1
    loose-envify: ^1.4.0
    prop-types: ^15.6.2
  peerDependencies:
    react: ">=16.6.0"
    react-dom: ">=16.6.0"
  checksum: 0bcd8af483709832e318dcef84c26ebddeb866bf4f58010286367ef0c1e7c5106e00cfc65688b9102414cb3d572c63909c2eb7ea972b4420fc70a78c10b6e8ad
  languageName: node
  linkType: hard

"react@npm:latest":
  version: 18.2.0
  resolution: "react@npm:18.2.0"
  dependencies:
    loose-envify: ^1.1.0
  checksum: 88e38092da8839b830cda6feef2e8505dec8ace60579e46aa5490fc3dc9bba0bd50336507dc166f43e3afc1c42939c09fe33b25fae889d6f402721dcd78fca1b
  languageName: node
  linkType: hard

"regenerator-runtime@npm:^0.13.4":
  version: 0.13.5
  resolution: "regenerator-runtime@npm:0.13.5"
  checksum: afc42d8b86f5ef2003821a2fc214c60640a07992563888529f45533071545c2631805d7214e32f55b517a665f1c59f2629a641a5cc1efbd56f48b6149dd319f2
  languageName: node
  linkType: hard

"scheduler@npm:^0.23.0":
  version: 0.23.0
  resolution: "scheduler@npm:0.23.0"
  dependencies:
    loose-envify: ^1.1.0
  checksum: d79192eeaa12abef860c195ea45d37cbf2bbf5f66e3c4dcd16f54a7da53b17788a70d109ee3d3dde1a0fd50e6a8fc171f4300356c5aee4fc0171de526bf35f8a
  languageName: node
  linkType: hard

"source-map-js@npm:^1.0.2":
  version: 1.0.2
  resolution: "source-map-js@npm:1.0.2"
  checksum: c049a7fc4deb9a7e9b481ae3d424cc793cb4845daa690bc5a05d428bf41bf231ced49b4cf0c9e77f9d42fdb3d20d6187619fc586605f5eabe995a316da8d377c
  languageName: node
  linkType: hard

"styled-jsx@npm:5.0.4":
  version: 5.0.4
  resolution: "styled-jsx@npm:5.0.4"
  peerDependencies:
    react: ">= 16.8.0 || 17.x.x || ^18.0.0-0"
  peerDependenciesMeta:
    "@babel/core":
      optional: true
    babel-plugin-macros:
      optional: true
  checksum: db7530155626e5eebc9d80ca117ea5aed6219b0a65469196b0b5727550fbe743117d7eea1499d80511ccb312d31f4a1027a58d1f94a83f0986c9acfdcce8bdd1
  languageName: node
  linkType: hard

"tslib@npm:^2.4.0":
  version: 2.4.0
  resolution: "tslib@npm:2.4.0"
  checksum: 8c4aa6a3c5a754bf76aefc38026134180c053b7bd2f81338cb5e5ebf96fefa0f417bff221592bf801077f5bf990562f6264fecbc42cd3309b33872cb6fc3b113
  languageName: node
  linkType: hard

"typescript@npm:latest":
  version: 4.8.2
  resolution: "typescript@npm:4.8.2"
  bin:
    tsc: bin/tsc
    tsserver: bin/tsserver
  checksum: 7f5b81d0d558c9067f952c7af52ab7f19c2e70a916817929e4a5b256c93990bf3178eccb1ac8a850bc75df35f6781b6f4cb3370ce20d8b1ded92ed462348f628
  languageName: node
  linkType: hard

"typescript@patch:typescript@latest#~builtin<compat/typescript>":
  version: 4.8.2
  resolution: "typescript@patch:typescript@npm%3A4.8.2#~builtin<compat/typescript>::version=4.8.2&hash=a1c5e5"
  bin:
    tsc: bin/tsc
    tsserver: bin/tsserver
  checksum: 5cb0f02f414f5405f4b0e7ee1fd7fa9177b6a8783c9017b6cad85f56ce4c4f93e0e6f2ce37e863cb597d44227cd009474c9fbd85bf7a50004e5557426cb58079
  languageName: node
  linkType: hard

"uncontrollable@npm:^7.0.0":
  version: 7.1.1
  resolution: "uncontrollable@npm:7.1.1"
  dependencies:
    "@babel/runtime": ^7.6.3
    "@types/react": ^16.9.11
    invariant: ^2.2.4
    react-lifecycles-compat: ^3.0.4
  peerDependencies:
    react: ">=15.0.0"
  checksum: 5a192b73132f0668e6284a7c6447b75617ddef32d6287f022dc95c6c9db7bf78e72b2874d277583d6616075804245046c5b3c21b9c82e05e1f2ba24abc7d2875
  languageName: node
  linkType: hard

"use-sync-external-store@npm:1.2.0":
  version: 1.2.0
  resolution: "use-sync-external-store@npm:1.2.0"
  peerDependencies:
    react: ^16.8.0 || ^17.0.0 || ^18.0.0
  checksum: 5c639e0f8da3521d605f59ce5be9e094ca772bd44a4ce7322b055a6f58eeed8dda3c94cabd90c7a41fb6fa852210092008afe48f7038792fd47501f33299116a
  languageName: node
  linkType: hard

"warning@npm:^4.0.0, warning@npm:^4.0.3":
  version: 4.0.3
  resolution: "warning@npm:4.0.3"
  dependencies:
    loose-envify: ^1.0.0
  checksum: 4f2cb6a9575e4faf71ddad9ad1ae7a00d0a75d24521c193fa464f30e6b04027bd97aa5d9546b0e13d3a150ab402eda216d59c1d0f2d6ca60124d96cd40dfa35c
  languageName: node
  linkType: hard
